// !$*UTF8*$!
{
	archiveVersion = 1;
	classes = {
	};
	objectVersion = 48;
	objects = {

/* Begin PBXBuildFile section */
		1FF70157B347C70660C8A628 /* Pods_PullOverTests.framework in Frameworks */ = {isa = PBXBuildFile; fileRef = 6CB356AA63FB6749013A32AC /* Pods_PullOverTests.framework */; };
		292414351FB024AA002588BE /* AppDelegate.swift in Sources */ = {isa = PBXBuildFile; fileRef = 292414341FB024AA002588BE /* AppDelegate.swift */; };
		2924143A1FB024AA002588BE /* Main.storyboard in Resources */ = {isa = PBXBuildFile; fileRef = 292414381FB024AA002588BE /* Main.storyboard */; };
		2924143C1FB024AA002588BE /* Assets.xcassets in Resources */ = {isa = PBXBuildFile; fileRef = 2924143B1FB024AA002588BE /* Assets.xcassets */; };
		2924143F1FB024AA002588BE /* LaunchScreen.storyboard in Resources */ = {isa = PBXBuildFile; fileRef = 2924143D1FB024AA002588BE /* LaunchScreen.storyboard */; };
		2924144A1FB024AA002588BE /* PullOverTests.swift in Sources */ = {isa = PBXBuildFile; fileRef = 292414491FB024AA002588BE /* PullOverTests.swift */; };
		2924145A1FB026E4002588BE /* Keys.plist in Resources */ = {isa = PBXBuildFile; fileRef = 292414591FB026E4002588BE /* Keys.plist */; };
		2924145C1FB02726002588BE /* LoginViewController.swift in Sources */ = {isa = PBXBuildFile; fileRef = 2924145B1FB02726002588BE /* LoginViewController.swift */; };
		2924145D1FB02726002588BE /* LoginViewController.swift in Sources */ = {isa = PBXBuildFile; fileRef = 2924145B1FB02726002588BE /* LoginViewController.swift */; };
		292BC8061FB027AE00E9D2BC /* GoogleService-Info.plist in Resources */ = {isa = PBXBuildFile; fileRef = 292BC8051FB027AE00E9D2BC /* GoogleService-Info.plist */; };
		C298B619A0B4310DD5E1C39F /* Pods_PullOver.framework in Frameworks */ = {isa = PBXBuildFile; fileRef = C952C7CEC0E64875165FA8FE /* Pods_PullOver.framework */; };
/* End PBXBuildFile section */

/* Begin PBXContainerItemProxy section */
		292414461FB024AA002588BE /* PBXContainerItemProxy */ = {
			isa = PBXContainerItemProxy;
			containerPortal = 292414291FB024AA002588BE /* Project object */;
			proxyType = 1;
			remoteGlobalIDString = 292414301FB024AA002588BE;
			remoteInfo = PullOver;
		};
/* End PBXContainerItemProxy section */

/* Begin PBXFileReference section */
		292414311FB024AA002588BE /* PullOver.app */ = {isa = PBXFileReference; explicitFileType = wrapper.application; includeInIndex = 0; path = PullOver.app; sourceTree = BUILT_PRODUCTS_DIR; };
		292414341FB024AA002588BE /* AppDelegate.swift */ = {isa = PBXFileReference; lastKnownFileType = sourcecode.swift; path = AppDelegate.swift; sourceTree = "<group>"; };
		292414391FB024AA002588BE /* Base */ = {isa = PBXFileReference; lastKnownFileType = file.storyboard; name = Base; path = Base.lproj/Main.storyboard; sourceTree = "<group>"; };
		2924143B1FB024AA002588BE /* Assets.xcassets */ = {isa = PBXFileReference; lastKnownFileType = folder.assetcatalog; path = Assets.xcassets; sourceTree = "<group>"; };
		2924143E1FB024AA002588BE /* Base */ = {isa = PBXFileReference; lastKnownFileType = file.storyboard; name = Base; path = Base.lproj/LaunchScreen.storyboard; sourceTree = "<group>"; };
		292414401FB024AA002588BE /* Info.plist */ = {isa = PBXFileReference; lastKnownFileType = text.plist.xml; path = Info.plist; sourceTree = "<group>"; };
		292414451FB024AA002588BE /* PullOverTests.xctest */ = {isa = PBXFileReference; explicitFileType = wrapper.cfbundle; includeInIndex = 0; path = PullOverTests.xctest; sourceTree = BUILT_PRODUCTS_DIR; };
		292414491FB024AA002588BE /* PullOverTests.swift */ = {isa = PBXFileReference; lastKnownFileType = sourcecode.swift; path = PullOverTests.swift; sourceTree = "<group>"; };
		2924144B1FB024AA002588BE /* Info.plist */ = {isa = PBXFileReference; lastKnownFileType = text.plist.xml; path = Info.plist; sourceTree = "<group>"; };
		292414591FB026E4002588BE /* Keys.plist */ = {isa = PBXFileReference; lastKnownFileType = text.plist.xml; path = Keys.plist; sourceTree = "<group>"; };
		2924145B1FB02726002588BE /* LoginViewController.swift */ = {isa = PBXFileReference; lastKnownFileType = sourcecode.swift; path = LoginViewController.swift; sourceTree = "<group>"; };
		292BC8051FB027AE00E9D2BC /* GoogleService-Info.plist */ = {isa = PBXFileReference; fileEncoding = 4; lastKnownFileType = text.plist.xml; path = "GoogleService-Info.plist"; sourceTree = "<group>"; };
		45F715DA7B895746F92BB47A /* Pods-PullOverTests.release.xcconfig */ = {isa = PBXFileReference; includeInIndex = 1; lastKnownFileType = text.xcconfig; name = "Pods-PullOverTests.release.xcconfig"; path = "Pods/Target Support Files/Pods-PullOverTests/Pods-PullOverTests.release.xcconfig"; sourceTree = "<group>"; };
		6CB356AA63FB6749013A32AC /* Pods_PullOverTests.framework */ = {isa = PBXFileReference; explicitFileType = wrapper.framework; includeInIndex = 0; path = Pods_PullOverTests.framework; sourceTree = BUILT_PRODUCTS_DIR; };
		8DE68E4ED3CCA8AF4737306C /* Pods-PullOver.release.xcconfig */ = {isa = PBXFileReference; includeInIndex = 1; lastKnownFileType = text.xcconfig; name = "Pods-PullOver.release.xcconfig"; path = "Pods/Target Support Files/Pods-PullOver/Pods-PullOver.release.xcconfig"; sourceTree = "<group>"; };
		9AEE1C521AD605AA43A46FB7 /* Pods-PullOverTests.debug.xcconfig */ = {isa = PBXFileReference; includeInIndex = 1; lastKnownFileType = text.xcconfig; name = "Pods-PullOverTests.debug.xcconfig"; path = "Pods/Target Support Files/Pods-PullOverTests/Pods-PullOverTests.debug.xcconfig"; sourceTree = "<group>"; };
		A7389E7D55D77EAE8FCE60C3 /* Pods-PullOver.debug.xcconfig */ = {isa = PBXFileReference; includeInIndex = 1; lastKnownFileType = text.xcconfig; name = "Pods-PullOver.debug.xcconfig"; path = "Pods/Target Support Files/Pods-PullOver/Pods-PullOver.debug.xcconfig"; sourceTree = "<group>"; };
		C952C7CEC0E64875165FA8FE /* Pods_PullOver.framework */ = {isa = PBXFileReference; explicitFileType = wrapper.framework; includeInIndex = 0; path = Pods_PullOver.framework; sourceTree = BUILT_PRODUCTS_DIR; };
/* End PBXFileReference section */

/* Begin PBXFrameworksBuildPhase section */
		2924142E1FB024AA002588BE /* Frameworks */ = {
			isa = PBXFrameworksBuildPhase;
			buildActionMask = 2147483647;
			files = (
				C298B619A0B4310DD5E1C39F /* Pods_PullOver.framework in Frameworks */,
			);
			runOnlyForDeploymentPostprocessing = 0;
		};
		292414421FB024AA002588BE /* Frameworks */ = {
			isa = PBXFrameworksBuildPhase;
			buildActionMask = 2147483647;
			files = (
				1FF70157B347C70660C8A628 /* Pods_PullOverTests.framework in Frameworks */,
			);
			runOnlyForDeploymentPostprocessing = 0;
		};
/* End PBXFrameworksBuildPhase section */

/* Begin PBXGroup section */
		292414281FB024AA002588BE = {
			isa = PBXGroup;
			children = (
				292414331FB024AA002588BE /* PullOver */,
				292414481FB024AA002588BE /* PullOverTests */,
				292414321FB024AA002588BE /* Products */,
				6F3905F5A568D0E151DF3F88 /* Pods */,
				BF3C0B518D276CEA06F5B159 /* Frameworks */,
			);
			sourceTree = "<group>";
		};
		292414321FB024AA002588BE /* Products */ = {
			isa = PBXGroup;
			children = (
				292414311FB024AA002588BE /* PullOver.app */,
				292414451FB024AA002588BE /* PullOverTests.xctest */,
			);
			name = Products;
			sourceTree = "<group>";
		};
		292414331FB024AA002588BE /* PullOver */ = {
			isa = PBXGroup;
			children = (
				292414581FB024C7002588BE /* Model */,
				292414571FB024C4002588BE /* View */,
				292414561FB024BF002588BE /* Controller */,
				292414551FB024BD002588BE /* Extensions */,
				292414541FB024BA002588BE /* SupportingFiles */,
			);
			path = PullOver;
			sourceTree = "<group>";
		};
		292414481FB024AA002588BE /* PullOverTests */ = {
			isa = PBXGroup;
			children = (
				292414491FB024AA002588BE /* PullOverTests.swift */,
				2924144B1FB024AA002588BE /* Info.plist */,
			);
			path = PullOverTests;
			sourceTree = "<group>";
		};
		292414541FB024BA002588BE /* SupportingFiles */ = {
			isa = PBXGroup;
			children = (
				292414341FB024AA002588BE /* AppDelegate.swift */,
				2924143B1FB024AA002588BE /* Assets.xcassets */,
				2924143D1FB024AA002588BE /* LaunchScreen.storyboard */,
				292414401FB024AA002588BE /* Info.plist */,
				292BC8051FB027AE00E9D2BC /* GoogleService-Info.plist */,
				292414591FB026E4002588BE /* Keys.plist */,
			);
			path = SupportingFiles;
			sourceTree = "<group>";
		};
		292414551FB024BD002588BE /* Extensions */ = {
			isa = PBXGroup;
			children = (
			);
			path = Extensions;
			sourceTree = "<group>";
		};
		292414561FB024BF002588BE /* Controller */ = {
			isa = PBXGroup;
			children = (
				2924145B1FB02726002588BE /* LoginViewController.swift */,
			);
			path = Controller;
			sourceTree = "<group>";
		};
		292414571FB024C4002588BE /* View */ = {
			isa = PBXGroup;
			children = (
				292414381FB024AA002588BE /* Main.storyboard */,
			);
			path = View;
			sourceTree = "<group>";
		};
		292414581FB024C7002588BE /* Model */ = {
			isa = PBXGroup;
			children = (
			);
			path = Model;
			sourceTree = "<group>";
		};
		6F3905F5A568D0E151DF3F88 /* Pods */ = {
			isa = PBXGroup;
			children = (
				A7389E7D55D77EAE8FCE60C3 /* Pods-PullOver.debug.xcconfig */,
				8DE68E4ED3CCA8AF4737306C /* Pods-PullOver.release.xcconfig */,
				9AEE1C521AD605AA43A46FB7 /* Pods-PullOverTests.debug.xcconfig */,
				45F715DA7B895746F92BB47A /* Pods-PullOverTests.release.xcconfig */,
			);
			name = Pods;
			sourceTree = "<group>";
		};
		BF3C0B518D276CEA06F5B159 /* Frameworks */ = {
			isa = PBXGroup;
			children = (
				C952C7CEC0E64875165FA8FE /* Pods_PullOver.framework */,
				6CB356AA63FB6749013A32AC /* Pods_PullOverTests.framework */,
			);
			name = Frameworks;
			sourceTree = "<group>";
		};
/* End PBXGroup section */

/* Begin PBXNativeTarget section */
		292414301FB024AA002588BE /* PullOver */ = {
			isa = PBXNativeTarget;
			buildConfigurationList = 2924144E1FB024AA002588BE /* Build configuration list for PBXNativeTarget "PullOver" */;
			buildPhases = (
				3FEFC2398DF703CA7EDA81D9 /* [CP] Check Pods Manifest.lock */,
				2924142D1FB024AA002588BE /* Sources */,
				2924142E1FB024AA002588BE /* Frameworks */,
				2924142F1FB024AA002588BE /* Resources */,
				4F7738F24347A501F5900FC6 /* [CP] Embed Pods Frameworks */,
				45A83C22A592182C8F834FAE /* [CP] Copy Pods Resources */,
				292BC8071FB0289800E9D2BC /* ShellScript */,
			);
			buildRules = (
			);
			dependencies = (
			);
			name = PullOver;
			productName = PullOver;
			productReference = 292414311FB024AA002588BE /* PullOver.app */;
			productType = "com.apple.product-type.application";
		};
		292414441FB024AA002588BE /* PullOverTests */ = {
			isa = PBXNativeTarget;
			buildConfigurationList = 292414511FB024AA002588BE /* Build configuration list for PBXNativeTarget "PullOverTests" */;
			buildPhases = (
				972B1ACDDFFFA48D0C52CD98 /* [CP] Check Pods Manifest.lock */,
				292414411FB024AA002588BE /* Sources */,
				292414421FB024AA002588BE /* Frameworks */,
				292414431FB024AA002588BE /* Resources */,
				88832B6316ABFCA43CD9F7D3 /* [CP] Embed Pods Frameworks */,
				3FBD44DD9F043DC7F3FF77F2 /* [CP] Copy Pods Resources */,
			);
			buildRules = (
			);
			dependencies = (
				292414471FB024AA002588BE /* PBXTargetDependency */,
			);
			name = PullOverTests;
			productName = PullOverTests;
			productReference = 292414451FB024AA002588BE /* PullOverTests.xctest */;
			productType = "com.apple.product-type.bundle.unit-test";
		};
/* End PBXNativeTarget section */

/* Begin PBXProject section */
		292414291FB024AA002588BE /* Project object */ = {
			isa = PBXProject;
			attributes = {
				LastSwiftUpdateCheck = 0910;
				LastUpgradeCheck = 0910;
				ORGANIZATIONNAME = "Matthew Howes Singleton";
				TargetAttributes = {
					292414301FB024AA002588BE = {
						CreatedOnToolsVersion = 9.1;
						ProvisioningStyle = Automatic;
					};
					292414441FB024AA002588BE = {
						CreatedOnToolsVersion = 9.1;
						ProvisioningStyle = Automatic;
						TestTargetID = 292414301FB024AA002588BE;
					};
				};
			};
			buildConfigurationList = 2924142C1FB024AA002588BE /* Build configuration list for PBXProject "PullOver" */;
			compatibilityVersion = "Xcode 8.0";
			developmentRegion = en;
			hasScannedForEncodings = 0;
			knownRegions = (
				en,
				Base,
			);
			mainGroup = 292414281FB024AA002588BE;
			productRefGroup = 292414321FB024AA002588BE /* Products */;
			projectDirPath = "";
			projectRoot = "";
			targets = (
				292414301FB024AA002588BE /* PullOver */,
				292414441FB024AA002588BE /* PullOverTests */,
			);
		};
/* End PBXProject section */

/* Begin PBXResourcesBuildPhase section */
		2924142F1FB024AA002588BE /* Resources */ = {
			isa = PBXResourcesBuildPhase;
			buildActionMask = 2147483647;
			files = (
				2924145A1FB026E4002588BE /* Keys.plist in Resources */,
				2924143F1FB024AA002588BE /* LaunchScreen.storyboard in Resources */,
				292BC8061FB027AE00E9D2BC /* GoogleService-Info.plist in Resources */,
				2924143C1FB024AA002588BE /* Assets.xcassets in Resources */,
				2924143A1FB024AA002588BE /* Main.storyboard in Resources */,
			);
			runOnlyForDeploymentPostprocessing = 0;
		};
		292414431FB024AA002588BE /* Resources */ = {
			isa = PBXResourcesBuildPhase;
			buildActionMask = 2147483647;
			files = (
			);
			runOnlyForDeploymentPostprocessing = 0;
		};
/* End PBXResourcesBuildPhase section */

/* Begin PBXShellScriptBuildPhase section */
		292BC8071FB0289800E9D2BC /* ShellScript */ = {
			isa = PBXShellScriptBuildPhase;
			buildActionMask = 2147483647;
			files = (
			);
			inputPaths = (
			);
			outputPaths = (
			);
			runOnlyForDeploymentPostprocessing = 0;
			shellPath = /bin/sh;
			shellScript = "\"${PODS_ROOT}/Fabric/run\"";
		};
		3FBD44DD9F043DC7F3FF77F2 /* [CP] Copy Pods Resources */ = {
			isa = PBXShellScriptBuildPhase;
			buildActionMask = 2147483647;
			files = (
			);
			inputPaths = (
			);
			name = "[CP] Copy Pods Resources";
			outputPaths = (
			);
			runOnlyForDeploymentPostprocessing = 0;
			shellPath = /bin/sh;
			shellScript = "\"${SRCROOT}/Pods/Target Support Files/Pods-PullOverTests/Pods-PullOverTests-resources.sh\"\n";
			showEnvVarsInLog = 0;
		};
		3FEFC2398DF703CA7EDA81D9 /* [CP] Check Pods Manifest.lock */ = {
			isa = PBXShellScriptBuildPhase;
			buildActionMask = 2147483647;
			files = (
			);
			inputPaths = (
				"${PODS_PODFILE_DIR_PATH}/Podfile.lock",
				"${PODS_ROOT}/Manifest.lock",
			);
			name = "[CP] Check Pods Manifest.lock";
			outputPaths = (
				"$(DERIVED_FILE_DIR)/Pods-PullOver-checkManifestLockResult.txt",
			);
			runOnlyForDeploymentPostprocessing = 0;
			shellPath = /bin/sh;
			shellScript = "diff \"${PODS_PODFILE_DIR_PATH}/Podfile.lock\" \"${PODS_ROOT}/Manifest.lock\" > /dev/null\nif [ $? != 0 ] ; then\n    # print error to STDERR\n    echo \"error: The sandbox is not in sync with the Podfile.lock. Run 'pod install' or update your CocoaPods installation.\" >&2\n    exit 1\nfi\n# This output is used by Xcode 'outputs' to avoid re-running this script phase.\necho \"SUCCESS\" > \"${SCRIPT_OUTPUT_FILE_0}\"\n";
			showEnvVarsInLog = 0;
		};
		45A83C22A592182C8F834FAE /* [CP] Copy Pods Resources */ = {
			isa = PBXShellScriptBuildPhase;
			buildActionMask = 2147483647;
			files = (
			);
			inputPaths = (
			);
			name = "[CP] Copy Pods Resources";
			outputPaths = (
			);
			runOnlyForDeploymentPostprocessing = 0;
			shellPath = /bin/sh;
			shellScript = "\"${SRCROOT}/Pods/Target Support Files/Pods-PullOver/Pods-PullOver-resources.sh\"\n";
			showEnvVarsInLog = 0;
		};
		4F7738F24347A501F5900FC6 /* [CP] Embed Pods Frameworks */ = {
			isa = PBXShellScriptBuildPhase;
			buildActionMask = 2147483647;
			files = (
			);
			inputPaths = (
				"${SRCROOT}/Pods/Target Support Files/Pods-PullOver/Pods-PullOver-frameworks.sh",
				"${BUILT_PRODUCTS_DIR}/GTMSessionFetcher/GTMSessionFetcher.framework",
				"${BUILT_PRODUCTS_DIR}/GoogleToolboxForMac/GoogleToolboxForMac.framework",
				"${BUILT_PRODUCTS_DIR}/Protobuf/Protobuf.framework",
				"${BUILT_PRODUCTS_DIR}/nanopb/nanopb.framework",
			);
			name = "[CP] Embed Pods Frameworks";
			outputPaths = (
				"${TARGET_BUILD_DIR}/${FRAMEWORKS_FOLDER_PATH}/GTMSessionFetcher.framework",
				"${TARGET_BUILD_DIR}/${FRAMEWORKS_FOLDER_PATH}/GoogleToolboxForMac.framework",
				"${TARGET_BUILD_DIR}/${FRAMEWORKS_FOLDER_PATH}/Protobuf.framework",
				"${TARGET_BUILD_DIR}/${FRAMEWORKS_FOLDER_PATH}/nanopb.framework",
			);
			runOnlyForDeploymentPostprocessing = 0;
			shellPath = /bin/sh;
			shellScript = "\"${SRCROOT}/Pods/Target Support Files/Pods-PullOver/Pods-PullOver-frameworks.sh\"\n";
			showEnvVarsInLog = 0;
		};
		88832B6316ABFCA43CD9F7D3 /* [CP] Embed Pods Frameworks */ = {
			isa = PBXShellScriptBuildPhase;
			buildActionMask = 2147483647;
			files = (
			);
			inputPaths = (
			);
			name = "[CP] Embed Pods Frameworks";
			outputPaths = (
			);
			runOnlyForDeploymentPostprocessing = 0;
			shellPath = /bin/sh;
			shellScript = "\"${SRCROOT}/Pods/Target Support Files/Pods-PullOverTests/Pods-PullOverTests-frameworks.sh\"\n";
			showEnvVarsInLog = 0;
		};
		972B1ACDDFFFA48D0C52CD98 /* [CP] Check Pods Manifest.lock */ = {
			isa = PBXShellScriptBuildPhase;
			buildActionMask = 2147483647;
			files = (
			);
			inputPaths = (
				"${PODS_PODFILE_DIR_PATH}/Podfile.lock",
				"${PODS_ROOT}/Manifest.lock",
			);
			name = "[CP] Check Pods Manifest.lock";
			outputPaths = (
				"$(DERIVED_FILE_DIR)/Pods-PullOverTests-checkManifestLockResult.txt",
			);
			runOnlyForDeploymentPostprocessing = 0;
			shellPath = /bin/sh;
			shellScript = "diff \"${PODS_PODFILE_DIR_PATH}/Podfile.lock\" \"${PODS_ROOT}/Manifest.lock\" > /dev/null\nif [ $? != 0 ] ; then\n    # print error to STDERR\n    echo \"error: The sandbox is not in sync with the Podfile.lock. Run 'pod install' or update your CocoaPods installation.\" >&2\n    exit 1\nfi\n# This output is used by Xcode 'outputs' to avoid re-running this script phase.\necho \"SUCCESS\" > \"${SCRIPT_OUTPUT_FILE_0}\"\n";
			showEnvVarsInLog = 0;
		};
/* End PBXShellScriptBuildPhase section */

/* Begin PBXSourcesBuildPhase section */
		2924142D1FB024AA002588BE /* Sources */ = {
			isa = PBXSourcesBuildPhase;
			buildActionMask = 2147483647;
			files = (
				2924145C1FB02726002588BE /* LoginViewController.swift in Sources */,
				292414351FB024AA002588BE /* AppDelegate.swift in Sources */,
			);
			runOnlyForDeploymentPostprocessing = 0;
		};
		292414411FB024AA002588BE /* Sources */ = {
			isa = PBXSourcesBuildPhase;
			buildActionMask = 2147483647;
			files = (
				2924145D1FB02726002588BE /* LoginViewController.swift in Sources */,
				2924144A1FB024AA002588BE /* PullOverTests.swift in Sources */,
			);
			runOnlyForDeploymentPostprocessing = 0;
		};
/* End PBXSourcesBuildPhase section */

/* Begin PBXTargetDependency section */
		292414471FB024AA002588BE /* PBXTargetDependency */ = {
			isa = PBXTargetDependency;
			target = 292414301FB024AA002588BE /* PullOver */;
			targetProxy = 292414461FB024AA002588BE /* PBXContainerItemProxy */;
		};
/* End PBXTargetDependency section */

/* Begin PBXVariantGroup section */
		292414381FB024AA002588BE /* Main.storyboard */ = {
			isa = PBXVariantGroup;
			children = (
				292414391FB024AA002588BE /* Base */,
			);
			name = Main.storyboard;
			sourceTree = "<group>";
		};
		2924143D1FB024AA002588BE /* LaunchScreen.storyboard */ = {
			isa = PBXVariantGroup;
			children = (
				2924143E1FB024AA002588BE /* Base */,
			);
			name = LaunchScreen.storyboard;
			sourceTree = "<group>";
		};
/* End PBXVariantGroup section */

/* Begin XCBuildConfiguration section */
		2924144C1FB024AA002588BE /* Debug */ = {
			isa = XCBuildConfiguration;
			buildSettings = {
				ALWAYS_SEARCH_USER_PATHS = NO;
				CLANG_ANALYZER_NONNULL = YES;
				CLANG_ANALYZER_NUMBER_OBJECT_CONVERSION = YES_AGGRESSIVE;
				CLANG_CXX_LANGUAGE_STANDARD = "gnu++14";
				CLANG_CXX_LIBRARY = "libc++";
				CLANG_ENABLE_MODULES = YES;
				CLANG_ENABLE_OBJC_ARC = YES;
				CLANG_WARN_BLOCK_CAPTURE_AUTORELEASING = YES;
				CLANG_WARN_BOOL_CONVERSION = YES;
				CLANG_WARN_COMMA = YES;
				CLANG_WARN_CONSTANT_CONVERSION = YES;
				CLANG_WARN_DIRECT_OBJC_ISA_USAGE = YES_ERROR;
				CLANG_WARN_DOCUMENTATION_COMMENTS = YES;
				CLANG_WARN_EMPTY_BODY = YES;
				CLANG_WARN_ENUM_CONVERSION = YES;
				CLANG_WARN_INFINITE_RECURSION = YES;
				CLANG_WARN_INT_CONVERSION = YES;
				CLANG_WARN_NON_LITERAL_NULL_CONVERSION = YES;
				CLANG_WARN_OBJC_LITERAL_CONVERSION = YES;
				CLANG_WARN_OBJC_ROOT_CLASS = YES_ERROR;
				CLANG_WARN_RANGE_LOOP_ANALYSIS = YES;
				CLANG_WARN_STRICT_PROTOTYPES = YES;
				CLANG_WARN_SUSPICIOUS_MOVE = YES;
				CLANG_WARN_UNGUARDED_AVAILABILITY = YES_AGGRESSIVE;
				CLANG_WARN_UNREACHABLE_CODE = YES;
				CLANG_WARN__DUPLICATE_METHOD_MATCH = YES;
				CODE_SIGN_IDENTITY = "iPhone Developer";
				COPY_PHASE_STRIP = NO;
				DEBUG_INFORMATION_FORMAT = dwarf;
				ENABLE_STRICT_OBJC_MSGSEND = YES;
				ENABLE_TESTABILITY = YES;
				GCC_C_LANGUAGE_STANDARD = gnu11;
				GCC_DYNAMIC_NO_PIC = NO;
				GCC_NO_COMMON_BLOCKS = YES;
				GCC_OPTIMIZATION_LEVEL = 0;
				GCC_PREPROCESSOR_DEFINITIONS = (
					"DEBUG=1",
					"$(inherited)",
				);
				GCC_WARN_64_TO_32_BIT_CONVERSION = YES;
				GCC_WARN_ABOUT_RETURN_TYPE = YES_ERROR;
				GCC_WARN_UNDECLARED_SELECTOR = YES;
				GCC_WARN_UNINITIALIZED_AUTOS = YES_AGGRESSIVE;
				GCC_WARN_UNUSED_FUNCTION = YES;
				GCC_WARN_UNUSED_VARIABLE = YES;
				IPHONEOS_DEPLOYMENT_TARGET = 11.1;
				MTL_ENABLE_DEBUG_INFO = YES;
				ONLY_ACTIVE_ARCH = YES;
				SDKROOT = iphoneos;
				SWIFT_ACTIVE_COMPILATION_CONDITIONS = DEBUG;
				SWIFT_OPTIMIZATION_LEVEL = "-Onone";
			};
			name = Debug;
		};
		2924144D1FB024AA002588BE /* Release */ = {
			isa = XCBuildConfiguration;
			buildSettings = {
				ALWAYS_SEARCH_USER_PATHS = NO;
				CLANG_ANALYZER_NONNULL = YES;
				CLANG_ANALYZER_NUMBER_OBJECT_CONVERSION = YES_AGGRESSIVE;
				CLANG_CXX_LANGUAGE_STANDARD = "gnu++14";
				CLANG_CXX_LIBRARY = "libc++";
				CLANG_ENABLE_MODULES = YES;
				CLANG_ENABLE_OBJC_ARC = YES;
				CLANG_WARN_BLOCK_CAPTURE_AUTORELEASING = YES;
				CLANG_WARN_BOOL_CONVERSION = YES;
				CLANG_WARN_COMMA = YES;
				CLANG_WARN_CONSTANT_CONVERSION = YES;
				CLANG_WARN_DIRECT_OBJC_ISA_USAGE = YES_ERROR;
				CLANG_WARN_DOCUMENTATION_COMMENTS = YES;
				CLANG_WARN_EMPTY_BODY = YES;
				CLANG_WARN_ENUM_CONVERSION = YES;
				CLANG_WARN_INFINITE_RECURSION = YES;
				CLANG_WARN_INT_CONVERSION = YES;
				CLANG_WARN_NON_LITERAL_NULL_CONVERSION = YES;
				CLANG_WARN_OBJC_LITERAL_CONVERSION = YES;
				CLANG_WARN_OBJC_ROOT_CLASS = YES_ERROR;
				CLANG_WARN_RANGE_LOOP_ANALYSIS = YES;
				CLANG_WARN_STRICT_PROTOTYPES = YES;
				CLANG_WARN_SUSPICIOUS_MOVE = YES;
				CLANG_WARN_UNGUARDED_AVAILABILITY = YES_AGGRESSIVE;
				CLANG_WARN_UNREACHABLE_CODE = YES;
				CLANG_WARN__DUPLICATE_METHOD_MATCH = YES;
				CODE_SIGN_IDENTITY = "iPhone Developer";
				COPY_PHASE_STRIP = NO;
				DEBUG_INFORMATION_FORMAT = "dwarf-with-dsym";
				ENABLE_NS_ASSERTIONS = NO;
				ENABLE_STRICT_OBJC_MSGSEND = YES;
				GCC_C_LANGUAGE_STANDARD = gnu11;
				GCC_NO_COMMON_BLOCKS = YES;
				GCC_WARN_64_TO_32_BIT_CONVERSION = YES;
				GCC_WARN_ABOUT_RETURN_TYPE = YES_ERROR;
				GCC_WARN_UNDECLARED_SELECTOR = YES;
				GCC_WARN_UNINITIALIZED_AUTOS = YES_AGGRESSIVE;
				GCC_WARN_UNUSED_FUNCTION = YES;
				GCC_WARN_UNUSED_VARIABLE = YES;
				IPHONEOS_DEPLOYMENT_TARGET = 11.1;
				MTL_ENABLE_DEBUG_INFO = NO;
				SDKROOT = iphoneos;
				SWIFT_OPTIMIZATION_LEVEL = "-Owholemodule";
				VALIDATE_PRODUCT = YES;
			};
			name = Release;
		};
		2924144F1FB024AA002588BE /* Debug */ = {
			isa = XCBuildConfiguration;
			baseConfigurationReference = A7389E7D55D77EAE8FCE60C3 /* Pods-PullOver.debug.xcconfig */;
			buildSettings = {
				ASSETCATALOG_COMPILER_APPICON_NAME = AppIcon;
				CODE_SIGN_STYLE = Automatic;
				DEVELOPMENT_TEAM = K8YZSQZRNW;
				INFOPLIST_FILE = "$(SRCROOT)/PullOver/SupportingFiles/Info.plist";
				IPHONEOS_DEPLOYMENT_TARGET = 10.0;
				LD_RUNPATH_SEARCH_PATHS = "$(inherited) @executable_path/Frameworks";
				PRODUCT_BUNDLE_IDENTIFIER = com.matthewhsingleton.PullOver;
				PRODUCT_NAME = "$(TARGET_NAME)";
				SWIFT_VERSION = 4.0;
				TARGETED_DEVICE_FAMILY = "1,2";
			};
			name = Debug;
		};
		292414501FB024AA002588BE /* Release */ = {
			isa = XCBuildConfiguration;
			baseConfigurationReference = 8DE68E4ED3CCA8AF4737306C /* Pods-PullOver.release.xcconfig */;
			buildSettings = {
				ASSETCATALOG_COMPILER_APPICON_NAME = AppIcon;
				CODE_SIGN_STYLE = Automatic;
				DEVELOPMENT_TEAM = K8YZSQZRNW;
				INFOPLIST_FILE = "$(SRCROOT)/PullOver/SupportingFiles/Info.plist";
				IPHONEOS_DEPLOYMENT_TARGET = 10.0;
				LD_RUNPATH_SEARCH_PATHS = "$(inherited) @executable_path/Frameworks";
				PRODUCT_BUNDLE_IDENTIFIER = com.matthewhsingleton.PullOver;
				PRODUCT_NAME = "$(TARGET_NAME)";
				SWIFT_VERSION = 4.0;
				TARGETED_DEVICE_FAMILY = "1,2";
			};
			name = Release;
		};
		292414521FB024AA002588BE /* Debug */ = {
			isa = XCBuildConfiguration;
			baseConfigurationReference = 9AEE1C521AD605AA43A46FB7 /* Pods-PullOverTests.debug.xcconfig */;
			buildSettings = {
				ALWAYS_EMBED_SWIFT_STANDARD_LIBRARIES = YES;
				BUNDLE_LOADER = "$(TEST_HOST)";
				CODE_SIGN_STYLE = Automatic;
				DEVELOPMENT_TEAM = K8YZSQZRNW;
				INFOPLIST_FILE = PullOverTests/Info.plist;
				LD_RUNPATH_SEARCH_PATHS = "$(inherited) @executable_path/Frameworks @loader_path/Frameworks";
				PRODUCT_BUNDLE_IDENTIFIER = com.matthewhsingleton.PullOverTests;
				PRODUCT_NAME = "$(TARGET_NAME)";
				SWIFT_VERSION = 4.0;
				TARGETED_DEVICE_FAMILY = "1,2";
				TEST_HOST = "$(BUILT_PRODUCTS_DIR)/PullOver.app/PullOver";
			};
			name = Debug;
		};
		292414531FB024AA002588BE /* Release */ = {
			isa = XCBuildConfiguration;
			baseConfigurationReference = 45F715DA7B895746F92BB47A /* Pods-PullOverTests.release.xcconfig */;
			buildSettings = {
				ALWAYS_EMBED_SWIFT_STANDARD_LIBRARIES = YES;
				BUNDLE_LOADER = "$(TEST_HOST)";
				CODE_SIGN_STYLE = Automatic;
				DEVELOPMENT_TEAM = K8YZSQZRNW;
				INFOPLIST_FILE = PullOverTests/Info.plist;
				LD_RUNPATH_SEARCH_PATHS = "$(inherited) @executable_path/Frameworks @loader_path/Frameworks";
				PRODUCT_BUNDLE_IDENTIFIER = com.matthewhsingleton.PullOverTests;
				PRODUCT_NAME = "$(TARGET_NAME)";
				SWIFT_VERSION = 4.0;
				TARGETED_DEVICE_FAMILY = "1,2";
				TEST_HOST = "$(BUILT_PRODUCTS_DIR)/PullOver.app/PullOver";
			};
			name = Release;
		};
/* End XCBuildConfiguration section */

/* Begin XCConfigurationList section */
		2924142C1FB024AA002588BE /* Build configuration list for PBXProject "PullOver" */ = {
			isa = XCConfigurationList;
			buildConfigurations = (
				2924144C1FB024AA002588BE /* Debug */,
				2924144D1FB024AA002588BE /* Release */,
			);
			defaultConfigurationIsVisible = 0;
			defaultConfigurationName = Release;
		};
		2924144E1FB024AA002588BE /* Build configuration list for PBXNativeTarget "PullOver" */ = {
			isa = XCConfigurationList;
			buildConfigurations = (
				2924144F1FB024AA002588BE /* Debug */,
				292414501FB024AA002588BE /* Release */,
			);
			defaultConfigurationIsVisible = 0;
			defaultConfigurationName = Release;
		};
		292414511FB024AA002588BE /* Build configuration list for PBXNativeTarget "PullOverTests" */ = {
			isa = XCConfigurationList;
			buildConfigurations = (
				292414521FB024AA002588BE /* Debug */,
				292414531FB024AA002588BE /* Release */,
			);
			defaultConfigurationIsVisible = 0;
			defaultConfigurationName = Release;
		};
/* End XCConfigurationList section */
	};
	rootObject = 292414291FB024AA002588BE /* Project object */;
}
