// !$*UTF8*$!
{
	archiveVersion = 1;
	classes = {
	};
	objectVersion = 48;
	objects = {

/* Begin PBXBuildFile section */
		292414351FB024AA002588BE /* AppDelegate.swift in Sources */ = {isa = PBXBuildFile; fileRef = 292414341FB024AA002588BE /* AppDelegate.swift */; };
		2924143A1FB024AA002588BE /* Main.storyboard in Resources */ = {isa = PBXBuildFile; fileRef = 292414381FB024AA002588BE /* Main.storyboard */; };
		2924143C1FB024AA002588BE /* Assets.xcassets in Resources */ = {isa = PBXBuildFile; fileRef = 2924143B1FB024AA002588BE /* Assets.xcassets */; };
		2924143F1FB024AA002588BE /* LaunchScreen.storyboard in Resources */ = {isa = PBXBuildFile; fileRef = 2924143D1FB024AA002588BE /* LaunchScreen.storyboard */; };
		2924144A1FB024AA002588BE /* PullOverTests.swift in Sources */ = {isa = PBXBuildFile; fileRef = 292414491FB024AA002588BE /* PullOverTests.swift */; };
/* End PBXBuildFile section */

/* Begin PBXContainerItemProxy section */
		292414461FB024AA002588BE /* PBXContainerItemProxy */ = {
			isa = PBXContainerItemProxy;
			containerPortal = 292414291FB024AA002588BE /* Project object */;
			proxyType = 1;
			remoteGlobalIDString = 292414301FB024AA002588BE;
			remoteInfo = PullOver;
		};
/* End PBXContainerItemProxy section */

/* Begin PBXFileReference section */
		292414311FB024AA002588BE /* PullOver.app */ = {isa = PBXFileReference; explicitFileType = wrapper.application; includeInIndex = 0; path = PullOver.app; sourceTree = BUILT_PRODUCTS_DIR; };
		292414341FB024AA002588BE /* AppDelegate.swift */ = {isa = PBXFileReference; lastKnownFileType = sourcecode.swift; path = AppDelegate.swift; sourceTree = "<group>"; };
		292414391FB024AA002588BE /* Base */ = {isa = PBXFileReference; lastKnownFileType = file.storyboard; name = Base; path = Base.lproj/Main.storyboard; sourceTree = "<group>"; };
		2924143B1FB024AA002588BE /* Assets.xcassets */ = {isa = PBXFileReference; lastKnownFileType = folder.assetcatalog; path = Assets.xcassets; sourceTree = "<group>"; };
		2924143E1FB024AA002588BE /* Base */ = {isa = PBXFileReference; lastKnownFileType = file.storyboard; name = Base; path = Base.lproj/LaunchScreen.storyboard; sourceTree = "<group>"; };
		292414401FB024AA002588BE /* Info.plist */ = {isa = PBXFileReference; lastKnownFileType = text.plist.xml; path = Info.plist; sourceTree = "<group>"; };
		292414451FB024AA002588BE /* PullOverTests.xctest */ = {isa = PBXFileReference; explicitFileType = wrapper.cfbundle; includeInIndex = 0; path = PullOverTests.xctest; sourceTree = BUILT_PRODUCTS_DIR; };
		292414491FB024AA002588BE /* PullOverTests.swift */ = {isa = PBXFileReference; lastKnownFileType = sourcecode.swift; path = PullOverTests.swift; sourceTree = "<group>"; };
		2924144B1FB024AA002588BE /* Info.plist */ = {isa = PBXFileReference; lastKnownFileType = text.plist.xml; path = Info.plist; sourceTree = "<group>"; };
/* End PBXFileReference section */

/* Begin PBXFrameworksBuildPhase section */
		2924142E1FB024AA002588BE /* Frameworks */ = {
			isa = PBXFrameworksBuildPhase;
			buildActionMask = 2147483647;
			files = (
			);
			runOnlyForDeploymentPostprocessing = 0;
		};
		292414421FB024AA002588BE /* Frameworks */ = {
			isa = PBXFrameworksBuildPhase;
			buildActionMask = 2147483647;
			files = (
			);
			runOnlyForDeploymentPostprocessing = 0;
		};
/* End PBXFrameworksBuildPhase section */

/* Begin PBXGroup section */
		292414281FB024AA002588BE = {
			isa = PBXGroup;
			children = (
				292414331FB024AA002588BE /* PullOver */,
				292414481FB024AA002588BE /* PullOverTests */,
				292414321FB024AA002588BE /* Products */,
			);
			sourceTree = "<group>";
		};
		292414321FB024AA002588BE /* Products */ = {
			isa = PBXGroup;
			children = (
				292414311FB024AA002588BE /* PullOver.app */,
				292414451FB024AA002588BE /* PullOverTests.xctest */,
			);
			name = Products;
			sourceTree = "<group>";
		};
		292414331FB024AA002588BE /* PullOver */ = {
			isa = PBXGroup;
			children = (
				292414581FB024C7002588BE /* Model */,
				292414571FB024C4002588BE /* View */,
				292414561FB024BF002588BE /* Controller */,
				292414551FB024BD002588BE /* Extensions */,
				292414541FB024BA002588BE /* SupportingFiles */,
			);
			path = PullOver;
			sourceTree = "<group>";
		};
		292414481FB024AA002588BE /* PullOverTests */ = {
			isa = PBXGroup;
			children = (
				292414491FB024AA002588BE /* PullOverTests.swift */,
				2924144B1FB024AA002588BE /* Info.plist */,
			);
			path = PullOverTests;
			sourceTree = "<group>";
		};
		292414541FB024BA002588BE /* SupportingFiles */ = {
			isa = PBXGroup;
			children = (
				292414341FB024AA002588BE /* AppDelegate.swift */,
				2924143B1FB024AA002588BE /* Assets.xcassets */,
				2924143D1FB024AA002588BE /* LaunchScreen.storyboard */,
				292414401FB024AA002588BE /* Info.plist */,
			);
			path = SupportingFiles;
			sourceTree = "<group>";
		};
		292414551FB024BD002588BE /* Extensions */ = {
			isa = PBXGroup;
			children = (
			);
			path = Extensions;
			sourceTree = "<group>";
		};
		292414561FB024BF002588BE /* Controller */ = {
			isa = PBXGroup;
			children = (
			);
			path = Controller;
			sourceTree = "<group>";
		};
		292414571FB024C4002588BE /* View */ = {
			isa = PBXGroup;
			children = (
				292414381FB024AA002588BE /* Main.storyboard */,
			);
			path = View;
			sourceTree = "<group>";
		};
		292414581FB024C7002588BE /* Model */ = {
			isa = PBXGroup;
			children = (
			);
			path = Model;
			sourceTree = "<group>";
		};
/* End PBXGroup section */

/* Begin PBXNativeTarget section */
		292414301FB024AA002588BE /* PullOver */ = {
			isa = PBXNativeTarget;
			buildConfigurationList = 2924144E1FB024AA002588BE /* Build configuration list for PBXNativeTarget "PullOver" */;
			buildPhases = (
				2924142D1FB024AA002588BE /* Sources */,
				2924142E1FB024AA002588BE /* Frameworks */,
				2924142F1FB024AA002588BE /* Resources */,
			);
			buildRules = (
			);
			dependencies = (
			);
			name = PullOver;
			productName = PullOver;
			productReference = 292414311FB024AA002588BE /* PullOver.app */;
			productType = "com.apple.product-type.application";
		};
		292414441FB024AA002588BE /* PullOverTests */ = {
			isa = PBXNativeTarget;
			buildConfigurationList = 292414511FB024AA002588BE /* Build configuration list for PBXNativeTarget "PullOverTests" */;
			buildPhases = (
				292414411FB024AA002588BE /* Sources */,
				292414421FB024AA002588BE /* Frameworks */,
				292414431FB024AA002588BE /* Resources */,
			);
			buildRules = (
			);
			dependencies = (
				292414471FB024AA002588BE /* PBXTargetDependency */,
			);
			name = PullOverTests;
			productName = PullOverTests;
			productReference = 292414451FB024AA002588BE /* PullOverTests.xctest */;
			productType = "com.apple.product-type.bundle.unit-test";
		};
/* End PBXNativeTarget section */

/* Begin PBXProject section */
		292414291FB024AA002588BE /* Project object */ = {
			isa = PBXProject;
			attributes = {
				LastSwiftUpdateCheck = 0910;
				LastUpgradeCheck = 0910;
				ORGANIZATIONNAME = "Matthew Howes Singleton";
				TargetAttributes = {
					292414301FB024AA002588BE = {
						CreatedOnToolsVersion = 9.1;
						ProvisioningStyle = Automatic;
					};
					292414441FB024AA002588BE = {
						CreatedOnToolsVersion = 9.1;
						ProvisioningStyle = Automatic;
						TestTargetID = 292414301FB024AA002588BE;
					};
				};
			};
			buildConfigurationList = 2924142C1FB024AA002588BE /* Build configuration list for PBXProject "PullOver" */;
			compatibilityVersion = "Xcode 8.0";
			developmentRegion = en;
			hasScannedForEncodings = 0;
			knownRegions = (
				en,
				Base,
			);
			mainGroup = 292414281FB024AA002588BE;
			productRefGroup = 292414321FB024AA002588BE /* Products */;
			projectDirPath = "";
			projectRoot = "";
			targets = (
				292414301FB024AA002588BE /* PullOver */,
				292414441FB024AA002588BE /* PullOverTests */,
			);
		};
/* End PBXProject section */

/* Begin PBXResourcesBuildPhase section */
		2924142F1FB024AA002588BE /* Resources */ = {
			isa = PBXResourcesBuildPhase;
			buildActionMask = 2147483647;
			files = (
				2924143F1FB024AA002588BE /* LaunchScreen.storyboard in Resources */,
				2924143C1FB024AA002588BE /* Assets.xcassets in Resources */,
				2924143A1FB024AA002588BE /* Main.storyboard in Resources */,
			);
			runOnlyForDeploymentPostprocessing = 0;
		};
		292414431FB024AA002588BE /* Resources */ = {
			isa = PBXResourcesBuildPhase;
			buildActionMask = 2147483647;
			files = (
			);
			runOnlyForDeploymentPostprocessing = 0;
		};
/* End PBXResourcesBuildPhase section */

/* Begin PBXSourcesBuildPhase section */
		2924142D1FB024AA002588BE /* Sources */ = {
			isa = PBXSourcesBuildPhase;
			buildActionMask = 2147483647;
			files = (
				292414351FB024AA002588BE /* AppDelegate.swift in Sources */,
			);
			runOnlyForDeploymentPostprocessing = 0;
		};
		292414411FB024AA002588BE /* Sources */ = {
			isa = PBXSourcesBuildPhase;
			buildActionMask = 2147483647;
			files = (
				2924144A1FB024AA002588BE /* PullOverTests.swift in Sources */,
			);
			runOnlyForDeploymentPostprocessing = 0;
		};
/* End PBXSourcesBuildPhase section */

/* Begin PBXTargetDependency section */
		292414471FB024AA002588BE /* PBXTargetDependency */ = {
			isa = PBXTargetDependency;
			target = 292414301FB024AA002588BE /* PullOver */;
			targetProxy = 292414461FB024AA002588BE /* PBXContainerItemProxy */;
		};
/* End PBXTargetDependency section */

/* Begin PBXVariantGroup section */
		292414381FB024AA002588BE /* Main.storyboard */ = {
			isa = PBXVariantGroup;
			children = (
				292414391FB024AA002588BE /* Base */,
			);
			name = Main.storyboard;
			sourceTree = "<group>";
		};
		2924143D1FB024AA002588BE /* LaunchScreen.storyboard */ = {
			isa = PBXVariantGroup;
			children = (
				2924143E1FB024AA002588BE /* Base */,
			);
			name = LaunchScreen.storyboard;
			sourceTree = "<group>";
		};
/* End PBXVariantGroup section */

/* Begin XCBuildConfiguration section */
		2924144C1FB024AA002588BE /* Debug */ = {
			isa = XCBuildConfiguration;
			buildSettings = {
				ALWAYS_SEARCH_USER_PATHS = NO;
				CLANG_ANALYZER_NONNULL = YES;
				CLANG_ANALYZER_NUMBER_OBJECT_CONVERSION = YES_AGGRESSIVE;
				CLANG_CXX_LANGUAGE_STANDARD = "gnu++14";
				CLANG_CXX_LIBRARY = "libc++";
				CLANG_ENABLE_MODULES = YES;
				CLANG_ENABLE_OBJC_ARC = YES;
				CLANG_WARN_BLOCK_CAPTURE_AUTORELEASING = YES;
				CLANG_WARN_BOOL_CONVERSION = YES;
				CLANG_WARN_COMMA = YES;
				CLANG_WARN_CONSTANT_CONVERSION = YES;
				CLANG_WARN_DIRECT_OBJC_ISA_USAGE = YES_ERROR;
				CLANG_WARN_DOCUMENTATION_COMMENTS = YES;
				CLANG_WARN_EMPTY_BODY = YES;
				CLANG_WARN_ENUM_CONVERSION = YES;
				CLANG_WARN_INFINITE_RECURSION = YES;
				CLANG_WARN_INT_CONVERSION = YES;
				CLANG_WARN_NON_LITERAL_NULL_CONVERSION = YES;
				CLANG_WARN_OBJC_LITERAL_CONVERSION = YES;
				CLANG_WARN_OBJC_ROOT_CLASS = YES_ERROR;
				CLANG_WARN_RANGE_LOOP_ANALYSIS = YES;
				CLANG_WARN_STRICT_PROTOTYPES = YES;
				CLANG_WARN_SUSPICIOUS_MOVE = YES;
				CLANG_WARN_UNGUARDED_AVAILABILITY = YES_AGGRESSIVE;
				CLANG_WARN_UNREACHABLE_CODE = YES;
				CLANG_WARN__DUPLICATE_METHOD_MATCH = YES;
				CODE_SIGN_IDENTITY = "iPhone Developer";
				COPY_PHASE_STRIP = NO;
				DEBUG_INFORMATION_FORMAT = dwarf;
				ENABLE_STRICT_OBJC_MSGSEND = YES;
				ENABLE_TESTABILITY = YES;
				GCC_C_LANGUAGE_STANDARD = gnu11;
				GCC_DYNAMIC_NO_PIC = NO;
				GCC_NO_COMMON_BLOCKS = YES;
				GCC_OPTIMIZATION_LEVEL = 0;
				GCC_PREPROCESSOR_DEFINITIONS = (
					"DEBUG=1",
					"$(inherited)",
				);
				GCC_WARN_64_TO_32_BIT_CONVERSION = YES;
				GCC_WARN_ABOUT_RETURN_TYPE = YES_ERROR;
				GCC_WARN_UNDECLARED_SELECTOR = YES;
				GCC_WARN_UNINITIALIZED_AUTOS = YES_AGGRESSIVE;
				GCC_WARN_UNUSED_FUNCTION = YES;
				GCC_WARN_UNUSED_VARIABLE = YES;
				IPHONEOS_DEPLOYMENT_TARGET = 11.1;
				MTL_ENABLE_DEBUG_INFO = YES;
				ONLY_ACTIVE_ARCH = YES;
				SDKROOT = iphoneos;
				SWIFT_ACTIVE_COMPILATION_CONDITIONS = DEBUG;
				SWIFT_OPTIMIZATION_LEVEL = "-Onone";
			};
			name = Debug;
		};
		2924144D1FB024AA002588BE /* Release */ = {
			isa = XCBuildConfiguration;
			buildSettings = {
				ALWAYS_SEARCH_USER_PATHS = NO;
				CLANG_ANALYZER_NONNULL = YES;
				CLANG_ANALYZER_NUMBER_OBJECT_CONVERSION = YES_AGGRESSIVE;
				CLANG_CXX_LANGUAGE_STANDARD = "gnu++14";
				CLANG_CXX_LIBRARY = "libc++";
				CLANG_ENABLE_MODULES = YES;
				CLANG_ENABLE_OBJC_ARC = YES;
				CLANG_WARN_BLOCK_CAPTURE_AUTORELEASING = YES;
				CLANG_WARN_BOOL_CONVERSION = YES;
				CLANG_WARN_COMMA = YES;
				CLANG_WARN_CONSTANT_CONVERSION = YES;
				CLANG_WARN_DIRECT_OBJC_ISA_USAGE = YES_ERROR;
				CLANG_WARN_DOCUMENTATION_COMMENTS = YES;
				CLANG_WARN_EMPTY_BODY = YES;
				CLANG_WARN_ENUM_CONVERSION = YES;
				CLANG_WARN_INFINITE_RECURSION = YES;
				CLANG_WARN_INT_CONVERSION = YES;
				CLANG_WARN_NON_LITERAL_NULL_CONVERSION = YES;
				CLANG_WARN_OBJC_LITERAL_CONVERSION = YES;
				CLANG_WARN_OBJC_ROOT_CLASS = YES_ERROR;
				CLANG_WARN_RANGE_LOOP_ANALYSIS = YES;
				CLANG_WARN_STRICT_PROTOTYPES = YES;
				CLANG_WARN_SUSPICIOUS_MOVE = YES;
				CLANG_WARN_UNGUARDED_AVAILABILITY = YES_AGGRESSIVE;
				CLANG_WARN_UNREACHABLE_CODE = YES;
				CLANG_WARN__DUPLICATE_METHOD_MATCH = YES;
				CODE_SIGN_IDENTITY = "iPhone Developer";
				COPY_PHASE_STRIP = NO;
				DEBUG_INFORMATION_FORMAT = "dwarf-with-dsym";
				ENABLE_NS_ASSERTIONS = NO;
				ENABLE_STRICT_OBJC_MSGSEND = YES;
				GCC_C_LANGUAGE_STANDARD = gnu11;
				GCC_NO_COMMON_BLOCKS = YES;
				GCC_WARN_64_TO_32_BIT_CONVERSION = YES;
				GCC_WARN_ABOUT_RETURN_TYPE = YES_ERROR;
				GCC_WARN_UNDECLARED_SELECTOR = YES;
				GCC_WARN_UNINITIALIZED_AUTOS = YES_AGGRESSIVE;
				GCC_WARN_UNUSED_FUNCTION = YES;
				GCC_WARN_UNUSED_VARIABLE = YES;
				IPHONEOS_DEPLOYMENT_TARGET = 11.1;
				MTL_ENABLE_DEBUG_INFO = NO;
				SDKROOT = iphoneos;
				SWIFT_OPTIMIZATION_LEVEL = "-Owholemodule";
				VALIDATE_PRODUCT = YES;
			};
			name = Release;
		};
		2924144F1FB024AA002588BE /* Debug */ = {
			isa = XCBuildConfiguration;
			buildSettings = {
				ASSETCATALOG_COMPILER_APPICON_NAME = AppIcon;
				CODE_SIGN_STYLE = Automatic;
				DEVELOPMENT_TEAM = K8YZSQZRNW;
				INFOPLIST_FILE = PullOver/Info.plist;
				LD_RUNPATH_SEARCH_PATHS = "$(inherited) @executable_path/Frameworks";
				PRODUCT_BUNDLE_IDENTIFIER = com.matthewhsingleton.PullOver;
				PRODUCT_NAME = "$(TARGET_NAME)";
				SWIFT_VERSION = 4.0;
				TARGETED_DEVICE_FAMILY = "1,2";
			};
			name = Debug;
		};
		292414501FB024AA002588BE /* Release */ = {
			isa = XCBuildConfiguration;
			buildSettings = {
				ASSETCATALOG_COMPILER_APPICON_NAME = AppIcon;
				CODE_SIGN_STYLE = Automatic;
				DEVELOPMENT_TEAM = K8YZSQZRNW;
				INFOPLIST_FILE = PullOver/Info.plist;
				LD_RUNPATH_SEARCH_PATHS = "$(inherited) @executable_path/Frameworks";
				PRODUCT_BUNDLE_IDENTIFIER = com.matthewhsingleton.PullOver;
				PRODUCT_NAME = "$(TARGET_NAME)";
				SWIFT_VERSION = 4.0;
				TARGETED_DEVICE_FAMILY = "1,2";
			};
			name = Release;
		};
		292414521FB024AA002588BE /* Debug */ = {
			isa = XCBuildConfiguration;
			buildSettings = {
				ALWAYS_EMBED_SWIFT_STANDARD_LIBRARIES = YES;
				BUNDLE_LOADER = "$(TEST_HOST)";
				CODE_SIGN_STYLE = Automatic;
				DEVELOPMENT_TEAM = K8YZSQZRNW;
				INFOPLIST_FILE = PullOverTests/Info.plist;
				LD_RUNPATH_SEARCH_PATHS = "$(inherited) @executable_path/Frameworks @loader_path/Frameworks";
				PRODUCT_BUNDLE_IDENTIFIER = com.matthewhsingleton.PullOverTests;
				PRODUCT_NAME = "$(TARGET_NAME)";
				SWIFT_VERSION = 4.0;
				TARGETED_DEVICE_FAMILY = "1,2";
				TEST_HOST = "$(BUILT_PRODUCTS_DIR)/PullOver.app/PullOver";
			};
			name = Debug;
		};
		292414531FB024AA002588BE /* Release */ = {
			isa = XCBuildConfiguration;
			buildSettings = {
				ALWAYS_EMBED_SWIFT_STANDARD_LIBRARIES = YES;
				BUNDLE_LOADER = "$(TEST_HOST)";
				CODE_SIGN_STYLE = Automatic;
				DEVELOPMENT_TEAM = K8YZSQZRNW;
				INFOPLIST_FILE = PullOverTests/Info.plist;
				LD_RUNPATH_SEARCH_PATHS = "$(inherited) @executable_path/Frameworks @loader_path/Frameworks";
				PRODUCT_BUNDLE_IDENTIFIER = com.matthewhsingleton.PullOverTests;
				PRODUCT_NAME = "$(TARGET_NAME)";
				SWIFT_VERSION = 4.0;
				TARGETED_DEVICE_FAMILY = "1,2";
				TEST_HOST = "$(BUILT_PRODUCTS_DIR)/PullOver.app/PullOver";
			};
			name = Release;
		};
/* End XCBuildConfiguration section */

/* Begin XCConfigurationList section */
		2924142C1FB024AA002588BE /* Build configuration list for PBXProject "PullOver" */ = {
			isa = XCConfigurationList;
			buildConfigurations = (
				2924144C1FB024AA002588BE /* Debug */,
				2924144D1FB024AA002588BE /* Release */,
			);
			defaultConfigurationIsVisible = 0;
			defaultConfigurationName = Release;
		};
		2924144E1FB024AA002588BE /* Build configuration list for PBXNativeTarget "PullOver" */ = {
			isa = XCConfigurationList;
			buildConfigurations = (
				2924144F1FB024AA002588BE /* Debug */,
				292414501FB024AA002588BE /* Release */,
			);
			defaultConfigurationIsVisible = 0;
			defaultConfigurationName = Release;
		};
		292414511FB024AA002588BE /* Build configuration list for PBXNativeTarget "PullOverTests" */ = {
			isa = XCConfigurationList;
			buildConfigurations = (
				292414521FB024AA002588BE /* Debug */,
				292414531FB024AA002588BE /* Release */,
			);
			defaultConfigurationIsVisible = 0;
			defaultConfigurationName = Release;
		};
/* End XCConfigurationList section */
	};
	rootObject = 292414291FB024AA002588BE /* Project object */;
}
